
Microsoft Visual Studio Solution File, Format Version 12.00
# Visual Studio Version 17
VisualStudioVersion = 17.3.32819.101
MinimumVisualStudioVersion = 10.0.40219.1
Project("{9A19103F-16F7-4668-BE54-9A1E7A4F7556}") = "BlazorAppDemo", "BlazorAppDemo\BlazorAppDemo.csproj", "{75597B06-05A0-4D78-BFCE-697A6E193271}"
EndProject
Global
	GlobalSection(SolutionConfigurationPlatforms) = preSolution
		Debug|Any CPU = Debug|Any CPU
		Release|Any CPU = Release|Any CPU
	EndGlobalSection
	GlobalSection(ProjectConfigurationPlatforms) = postSolution
		{75597B06-05A0-4D78-BFCE-697A6E193271}.Debug|Any CPU.ActiveCfg = Debug|Any CPU
		{75597B06-05A0-4D78-BFCE-697A6E193271}.Debug|Any CPU.Build.0 = Debug|Any CPU
		{75597B06-05A0-4D78-BFCE-697A6E193271}.Release|Any CPU.ActiveCfg = Release|Any CPU
		{75597B06-05A0-4D78-BFCE-697A6E193271}.Release|Any CPU.Build.0 = Release|Any CPU
	EndGlobalSection
	GlobalSection(SolutionProperties) = preSolution
		HideSolutionNode = FALSE
	EndGlobalSection
	GlobalSection(ExtensibilityGlobals) = postSolution
		SolutionGuid = {36F9B78F-477C-4536-AE38-26790EA5F0D2}
	EndGlobalSection
EndGlobal
